
Microsoft Visual Studio Solution File, Format Version 12.00
# Visual Studio 2012
Project("{FAE04EC0-301F-11D3-BF4B-00C04F79EFBC}") = "To-Do List", "To-Do List\To-Do List.csproj", "{12843445-FFDB-4A5A-91B4-F64F4DC85A47}"
EndProject
Project("{FAE04EC0-301F-11D3-BF4B-00C04F79EFBC}") = "To-DoListWinForms", "To-DoListWinForms\To-DoListWinForms.csproj", "{7F1CBD4C-4E88-4142-8726-27F0F301A000}"
EndProject
Project("{FAE04EC0-301F-11D3-BF4B-00C04F79EFBC}") = "ToDoListCommon", "ToDoListCommon\ToDoListCommon.csproj", "{331416A7-9C49-4B6C-878F-D6F2BD1B22F2}"
EndProject
Project("{00D1A9C2-B5F0-4AF3-8072-F6C62B433612}") = "ToDoListDatabase", "ToDoListDatabase\ToDoListDatabase.sqlproj", "{D2197717-A93C-469B-87F2-405835063450}"
EndProject
Global
	GlobalSection(SolutionConfigurationPlatforms) = preSolution
		Debug|Any CPU = Debug|Any CPU
		Release|Any CPU = Release|Any CPU
	EndGlobalSection
	GlobalSection(ProjectConfigurationPlatforms) = postSolution
		{12843445-FFDB-4A5A-91B4-F64F4DC85A47}.Debug|Any CPU.ActiveCfg = Debug|Any CPU
		{12843445-FFDB-4A5A-91B4-F64F4DC85A47}.Debug|Any CPU.Build.0 = Debug|Any CPU
		{12843445-FFDB-4A5A-91B4-F64F4DC85A47}.Release|Any CPU.ActiveCfg = Release|Any CPU
		{12843445-FFDB-4A5A-91B4-F64F4DC85A47}.Release|Any CPU.Build.0 = Release|Any CPU
		{331416A7-9C49-4B6C-878F-D6F2BD1B22F2}.Debug|Any CPU.ActiveCfg = Debug|Any CPU
		{331416A7-9C49-4B6C-878F-D6F2BD1B22F2}.Debug|Any CPU.Build.0 = Debug|Any CPU
		{331416A7-9C49-4B6C-878F-D6F2BD1B22F2}.Release|Any CPU.ActiveCfg = Release|Any CPU
		{331416A7-9C49-4B6C-878F-D6F2BD1B22F2}.Release|Any CPU.Build.0 = Release|Any CPU
		{7F1CBD4C-4E88-4142-8726-27F0F301A000}.Debug|Any CPU.ActiveCfg = Debug|Any CPU
		{7F1CBD4C-4E88-4142-8726-27F0F301A000}.Debug|Any CPU.Build.0 = Debug|Any CPU
		{7F1CBD4C-4E88-4142-8726-27F0F301A000}.Release|Any CPU.ActiveCfg = Release|Any CPU
		{7F1CBD4C-4E88-4142-8726-27F0F301A000}.Release|Any CPU.Build.0 = Release|Any CPU
		{D2197717-A93C-469B-87F2-405835063450}.Debug|Any CPU.ActiveCfg = Debug|Any CPU
		{D2197717-A93C-469B-87F2-405835063450}.Debug|Any CPU.Build.0 = Debug|Any CPU
		{D2197717-A93C-469B-87F2-405835063450}.Debug|Any CPU.Deploy.0 = Debug|Any CPU
		{D2197717-A93C-469B-87F2-405835063450}.Release|Any CPU.ActiveCfg = Release|Any CPU
		{D2197717-A93C-469B-87F2-405835063450}.Release|Any CPU.Build.0 = Release|Any CPU
		{D2197717-A93C-469B-87F2-405835063450}.Release|Any CPU.Deploy.0 = Release|Any CPU
	EndGlobalSection
	GlobalSection(SolutionProperties) = preSolution
		HideSolutionNode = FALSE
	EndGlobalSection
EndGlobal
